<?xml version="1.0" encoding="utf-8"?>
<Project ToolsVersion="4.0" xmlns="http://schemas.microsoft.com/developer/msbuild/2003">
  <ItemGroup>
    <Filter Include="Source Files">
      <UniqueIdentifier>{4FC737F1-C7A5-4376-A066-2A32D752A2FF}</UniqueIdentifier>
      <Extensions>cpp;c;cc;cxx;c++;cppm;ixx;def;odl;idl;hpj;bat;asm;asmx</Extensions>
    </Filter>
    <Filter Include="Header Files">
      <UniqueIdentifier>{93995380-89BD-4b04-88EB-625FBE52EBFB}</UniqueIdentifier>
      <Extensions>h;hh;hpp;hxx;h++;hm;inl;inc;ipp;xsd</Extensions>
    </Filter>
    <Filter Include="Resource Files">
      <UniqueIdentifier>{67DA6AB6-F800-4c08-8B7A-83BB121AAD01}</UniqueIdentifier>
      <Extensions>rc;ico;cur;bmp;dlg;rc2;rct;bin;rgs;gif;jpg;jpeg;jpe;resx;tiff;tif;png;wav;mfcribbon-ms</Extensions>
    </Filter>
    <Filter Include="Header Files\thirdparty">
      <UniqueIdentifier>{8f3d7151-e3e0-4dc7-9127-59ae53416f43}</UniqueIdentifier>
    </Filter>
    <Filter Include="Header Files\thirdparty\rapidjson">
      <UniqueIdentifier>{18d68d1e-05be-4dc7-905f-e46ce18a91ce}</UniqueIdentifier>
    </Filter>
    <Filter Include="Header Files\thirdparty\rapidjson\error">
      <UniqueIdentifier>{2cec8933-fd5d-4c32-803e-ed1e1345176e}</UniqueIdentifier>
    </Filter>
    <Filter Include="Header Files\thirdparty\rapidjson\internal">
      <UniqueIdentifier>{785f7a51-e19a-41a6-87f3-3c4ad2f2de77}</UniqueIdentifier>
    </Filter>
    <Filter Include="Header Files\thirdparty\rapidjson\msinttypes">
      <UniqueIdentifier>{6df58b4f-ccac-47a4-b30b-72738108cb6a}</UniqueIdentifier>
    </Filter>
    <Filter Include="Header Files\thirdparty\rapidcsv">
      <UniqueIdentifier>{330e470c-2f99-44a3-a5d0-c81150c0caf6}</UniqueIdentifier>
    </Filter>
    <Filter Include="Source Files\assets">
      <UniqueIdentifier>{e323149f-3c50-45c7-94ad-532908ecc5e8}</UniqueIdentifier>
    </Filter>
  </ItemGroup>
  <ItemGroup>
    <ClCompile Include="src\pch.cpp">
      <Filter>Source Files</Filter>
    </ClCompile>
    <ClCompile Include="src\RePak.cpp">
      <Filter>Source Files</Filter>
    </ClCompile>
    <ClCompile Include="src\rtech.cpp">
      <Filter>Source Files</Filter>
    </ClCompile>
    <ClCompile Include="src\Utils.cpp">
      <Filter>Source Files</Filter>
    </ClCompile>
    <ClCompile Include="src\assets\datatable.cpp">
      <Filter>Source Files\assets</Filter>
    </ClCompile>
    <ClCompile Include="src\assets\texture.cpp">
      <Filter>Source Files\assets</Filter>
    </ClCompile>
    <ClCompile Include="src\assets\model.cpp">
      <Filter>Source Files\assets</Filter>
    </ClCompile>
    <ClCompile Include="src\assets\material.cpp">
      <Filter>Source Files\assets</Filter>
    </ClCompile>
    <ClCompile Include="src\assets\rui.cpp">
      <Filter>Source Files\assets</Filter>
    </ClCompile>
    <ClCompile Include="src\assets\patch.cpp">
      <Filter>Source Files\assets</Filter>
    </ClCompile>
    <ClCompile Include="src\Assets.cpp">
      <Filter>Source Files</Filter>
    </ClCompile>
    <ClCompile Include="src\assets\animation.cpp">
      <Filter>Source Files\assets</Filter>
    </ClCompile>
  </ItemGroup>
  <ItemGroup>
    <ClInclude Include="include\rapidjson\allocators.h">
      <Filter>Header Files\thirdparty\rapidjson</Filter>
    </ClInclude>
    <ClInclude Include="include\rapidjson\cursorstreamwrapper.h">
      <Filter>Header Files\thirdparty\rapidjson</Filter>
    </ClInclude>
    <ClInclude Include="include\rapidjson\document.h">
      <Filter>Header Files\thirdparty\rapidjson</Filter>
    </ClInclude>
    <ClInclude Include="include\rapidjson\encodedstream.h">
      <Filter>Header Files\thirdparty\rapidjson</Filter>
    </ClInclude>
    <ClInclude Include="include\rapidjson\encodings.h">
      <Filter>Header Files\thirdparty\rapidjson</Filter>
    </ClInclude>
    <ClInclude Include="include\rapidjson\filereadstream.h">
      <Filter>Header Files\thirdparty\rapidjson</Filter>
    </ClInclude>
    <ClInclude Include="include\rapidjson\filewritestream.h">
      <Filter>Header Files\thirdparty\rapidjson</Filter>
    </ClInclude>
    <ClInclude Include="include\rapidjson\fwd.h">
      <Filter>Header Files\thirdparty\rapidjson</Filter>
    </ClInclude>
    <ClInclude Include="include\rapidjson\istreamwrapper.h">
      <Filter>Header Files\thirdparty\rapidjson</Filter>
    </ClInclude>
    <ClInclude Include="include\rapidjson\memorybuffer.h">
      <Filter>Header Files\thirdparty\rapidjson</Filter>
    </ClInclude>
    <ClInclude Include="include\rapidjson\memorystream.h">
      <Filter>Header Files\thirdparty\rapidjson</Filter>
    </ClInclude>
    <ClInclude Include="include\rapidjson\ostreamwrapper.h">
      <Filter>Header Files\thirdparty\rapidjson</Filter>
    </ClInclude>
    <ClInclude Include="include\rapidjson\pointer.h">
      <Filter>Header Files\thirdparty\rapidjson</Filter>
    </ClInclude>
    <ClInclude Include="include\rapidjson\prettywriter.h">
      <Filter>Header Files\thirdparty\rapidjson</Filter>
    </ClInclude>
    <ClInclude Include="include\rapidjson\rapidjson.h">
      <Filter>Header Files\thirdparty\rapidjson</Filter>
    </ClInclude>
    <ClInclude Include="include\rapidjson\reader.h">
      <Filter>Header Files\thirdparty\rapidjson</Filter>
    </ClInclude>
    <ClInclude Include="include\rapidjson\schema.h">
      <Filter>Header Files\thirdparty\rapidjson</Filter>
    </ClInclude>
    <ClInclude Include="include\rapidjson\stream.h">
      <Filter>Header Files\thirdparty\rapidjson</Filter>
    </ClInclude>
    <ClInclude Include="include\rapidjson\stringbuffer.h">
      <Filter>Header Files\thirdparty\rapidjson</Filter>
    </ClInclude>
    <ClInclude Include="include\rapidjson\uri.h">
      <Filter>Header Files\thirdparty\rapidjson</Filter>
    </ClInclude>
    <ClInclude Include="include\rapidjson\writer.h">
      <Filter>Header Files\thirdparty\rapidjson</Filter>
    </ClInclude>
    <ClInclude Include="include\rapidjson\error\en.h">
      <Filter>Header Files\thirdparty\rapidjson\error</Filter>
    </ClInclude>
    <ClInclude Include="include\rapidjson\error\error.h">
      <Filter>Header Files\thirdparty\rapidjson\error</Filter>
    </ClInclude>
    <ClInclude Include="include\rapidjson\internal\itoa.h">
      <Filter>Header Files\thirdparty\rapidjson\internal</Filter>
    </ClInclude>
    <ClInclude Include="include\rapidjson\internal\meta.h">
      <Filter>Header Files\thirdparty\rapidjson\internal</Filter>
    </ClInclude>
    <ClInclude Include="include\rapidjson\internal\pow10.h">
      <Filter>Header Files\thirdparty\rapidjson\internal</Filter>
    </ClInclude>
    <ClInclude Include="include\rapidjson\internal\regex.h">
      <Filter>Header Files\thirdparty\rapidjson\internal</Filter>
    </ClInclude>
    <ClInclude Include="include\rapidjson\internal\stack.h">
      <Filter>Header Files\thirdparty\rapidjson\internal</Filter>
    </ClInclude>
    <ClInclude Include="include\rapidjson\internal\strfunc.h">
      <Filter>Header Files\thirdparty\rapidjson\internal</Filter>
    </ClInclude>
    <ClInclude Include="include\rapidjson\internal\strtod.h">
      <Filter>Header Files\thirdparty\rapidjson\internal</Filter>
    </ClInclude>
    <ClInclude Include="include\rapidjson\internal\swap.h">
      <Filter>Header Files\thirdparty\rapidjson\internal</Filter>
    </ClInclude>
    <ClInclude Include="include\rapidjson\internal\biginteger.h">
      <Filter>Header Files\thirdparty\rapidjson\internal</Filter>
    </ClInclude>
    <ClInclude Include="include\rapidjson\internal\clzll.h">
      <Filter>Header Files\thirdparty\rapidjson\internal</Filter>
    </ClInclude>
    <ClInclude Include="include\rapidjson\internal\diyfp.h">
      <Filter>Header Files\thirdparty\rapidjson\internal</Filter>
    </ClInclude>
    <ClInclude Include="include\rapidjson\internal\dtoa.h">
      <Filter>Header Files\thirdparty\rapidjson\internal</Filter>
    </ClInclude>
    <ClInclude Include="include\rapidjson\internal\ieee754.h">
      <Filter>Header Files\thirdparty\rapidjson\internal</Filter>
    </ClInclude>
    <ClInclude Include="include\rapidjson\msinttypes\stdint.h">
      <Filter>Header Files\thirdparty\rapidjson\msinttypes</Filter>
    </ClInclude>
    <ClInclude Include="include\rapidjson\msinttypes\inttypes.h">
      <Filter>Header Files\thirdparty\rapidjson\msinttypes</Filter>
    </ClInclude>
    <ClInclude Include="include\rapidcsv\rapidcsv.h">
      <Filter>Header Files\thirdparty\rapidcsv</Filter>
    </ClInclude>
    <ClInclude Include="include\Assets.h">
      <Filter>Header Files</Filter>
    </ClInclude>
    <ClInclude Include="include\BinaryIO.h">
      <Filter>Header Files</Filter>
    </ClInclude>
    <ClInclude Include="include\RePak.h">
      <Filter>Header Files</Filter>
    </ClInclude>
    <ClInclude Include="include\rmem.h">
      <Filter>Header Files</Filter>
    </ClInclude>
    <ClInclude Include="include\rpak.h">
      <Filter>Header Files</Filter>
    </ClInclude>
    <ClInclude Include="include\rtech.h">
      <Filter>Header Files</Filter>
    </ClInclude>
    <ClInclude Include="include\Utils.h">
      <Filter>Header Files</Filter>
    </ClInclude>
    <ClInclude Include="include\pch.h">
      <Filter>Header Files</Filter>
    </ClInclude>
    <ClInclude Include="include\dxutils.h">
      <Filter>Header Files</Filter>
    </ClInclude>
  </ItemGroup>
</Project>